{
  "name": "@libs-scripts-mep/std-control",
  "version": "4.1.0",
  "lockfileVersion": 3,
  "requires": true,
  "packages": {
    "": {
      "name": "@libs-scripts-mep/std-control",
      "version": "4.1.0",
      "license": "ISC",
      "dependencies": {
        "@libs-scripts-mep/ac9": "^1.0.1",
        "@libs-scripts-mep/daq-fwlink": "^1.6.3",
        "@libs-scripts-mep/reles-daq": "^4.0.2",
        "@libs-scripts-mep/temp-sim": "^5.3.0",
        "@libs-scripts-mep/vc9": "^1.2.0"
      }
    },
    "node_modules/@libs-scripts-mep/ac9": {
      "version": "1.0.1",
      "resolved": "https://registry.npmjs.org/@libs-scripts-mep/ac9/-/ac9-1.0.1.tgz",
      "integrity": "sha512-iQh4qN5EvzO7F0ooF2uMhBs2GdTp76PSG8emO+meKSdOrNZrS5lbsyqS/gdBCHKNP16xitt0KC3+idODKT7TPA=="
    },
    "node_modules/@libs-scripts-mep/daq-fwlink": {
      "version": "1.6.3",
      "resolved": "https://registry.npmjs.org/@libs-scripts-mep/daq-fwlink/-/daq-fwlink-1.6.3.tgz",
      "integrity": "sha512-0nplM8UBiCo6jNuvegdbulMihiA7gO3HWGFXMVLacJR5+fRYKY8S/0WUQx8zFSTsV6RZrrzlXPLCjZAnloDJfA=="
    },
    "node_modules/@libs-scripts-mep/reles-daq": {
      "version": "4.0.2",
      "resolved": "https://registry.npmjs.org/@libs-scripts-mep/reles-daq/-/reles-daq-4.0.2.tgz",
      "integrity": "sha512-0jPVHDxCqSRGe9BGLWonQS2R3C3UJA/EzuehZiAubfxLI7hasYWKtMz4R0O6r5bJhDg0GzHbNu8FjAmzlj6Lpg=="
    },
    "node_modules/@libs-scripts-mep/temp-sim": {
      "version": "5.3.0",
      "resolved": "https://registry.npmjs.org/@libs-scripts-mep/temp-sim/-/temp-sim-5.3.0.tgz",
      "integrity": "sha512-PTmH9d2wdrPEAZy+IVNSITk51vL+bSUx5d2fYcgrnm8TmdVG2E0x1MYfIf2bRE+Da3w1CyxfYJZEgjAIU+gafg=="
    },
    "node_modules/@libs-scripts-mep/vc9": {
      "version": "1.2.0",
      "resolved": "https://registry.npmjs.org/@libs-scripts-mep/vc9/-/vc9-1.2.0.tgz",
      "integrity": "sha512-uIHMKPeWEtzRmqGcupv1VE2uTAhb5cS3Sx8uFDEfQRrk93Ph6pCQLwFxLQsBmr4wMRTuLkDKSHhBFziDsP+ylg=="
    }
  }
}
